{
  "name": "eslint-config-impact-react",
  "version": "0.0.2",
  "lockfileVersion": 1,
  "requires": true,
  "dependencies": {
    "eslint-config-standard": {
      "version": "14.1.1",
      "resolved": "https://registry.npmjs.org/eslint-config-standard/-/eslint-config-standard-14.1.1.tgz",
      "integrity": "sha512-Z9B+VR+JIXRxz21udPTL9HpFMyoMUEeX1G251EQ6e05WD9aPVtVBn09XUmZ259wCMlCDmYDSZG62Hhm+ZTJcUg=="
    },
    "eslint-config-standard-jsx": {
      "version": "8.1.0",
      "resolved": "https://registry.npmjs.org/eslint-config-standard-jsx/-/eslint-config-standard-jsx-8.1.0.tgz",
      "integrity": "sha512-ULVC8qH8qCqbU792ZOO6DaiaZyHNS/5CZt3hKqHkEhVlhPEPN3nfBqqxJCyp59XrjIBZPu1chMYe9T2DXZ7TMw=="
    },
    "eslint-config-standard-react": {
      "version": "9.2.0",
      "resolved": "https://registry.npmjs.org/eslint-config-standard-react/-/eslint-config-standard-react-9.2.0.tgz",
      "integrity": "sha512-u+KRP2uCtthZ/W4DlLWCC59GZNV/y9k9yicWWammgTs/Omh8ZUUPF3EnYm81MAcbkYQq2Wg0oxutAhi/FQ8mIw==",
      "requires": {
        "eslint-config-standard-jsx": "^8.0.0"
      }
    }
  }
}
